
Microsoft Visual Studio Solution File, Format Version 12.00
# Visual Studio Version 17
VisualStudioVersion = 17.11.35312.102
MinimumVisualStudioVersion = 10.0.40219.1
Project("{FAE04EC0-301F-11D3-BF4B-00C04F79EFBC}") = "MiPrimeraAPI_StefanJativa", "MiPrimeraAPI_StefanJativa.csproj", "{DE521354-D42E-4C6D-BD35-46C68AE7DFE2}"
EndProject
Global
	GlobalSection(SolutionConfigurationPlatforms) = preSolution
		Debug|Any CPU = Debug|Any CPU
		Release|Any CPU = Release|Any CPU
	EndGlobalSection
	GlobalSection(ProjectConfigurationPlatforms) = postSolution
		{DE521354-D42E-4C6D-BD35-46C68AE7DFE2}.Debug|Any CPU.ActiveCfg = Debug|Any CPU
		{DE521354-D42E-4C6D-BD35-46C68AE7DFE2}.Debug|Any CPU.Build.0 = Debug|Any CPU
		{DE521354-D42E-4C6D-BD35-46C68AE7DFE2}.Release|Any CPU.ActiveCfg = Release|Any CPU
		{DE521354-D42E-4C6D-BD35-46C68AE7DFE2}.Release|Any CPU.Build.0 = Release|Any CPU
	EndGlobalSection
	GlobalSection(SolutionProperties) = preSolution
		HideSolutionNode = FALSE
	EndGlobalSection
	GlobalSection(ExtensibilityGlobals) = postSolution
		SolutionGuid = {A0DFE464-3EDA-4230-87E1-C64C384E869A}
	EndGlobalSection
EndGlobal
